
Microsoft Visual Studio Solution File, Format Version 12.00
# Visual Studio Version 16
VisualStudioVersion = 16.0.31702.278
MinimumVisualStudioVersion = 10.0.40219.1
Project("{FAE04EC0-301F-11D3-BF4B-00C04F79EFBC}") = "PointOfSale", "PointOfSale\PointOfSale.csproj", "{611728B5-77CB-4EB7-83F0-760B29074B21}"
EndProject
Project("{FAE04EC0-301F-11D3-BF4B-00C04F79EFBC}") = "PointOfSale.Test", "PointOfSale.Test\PointOfSale.Test.csproj", "{D1AF576D-1A6E-4254-A437-47E3D61BC896}"
EndProject
Global
	GlobalSection(SolutionConfigurationPlatforms) = preSolution
		Debug|Any CPU = Debug|Any CPU
		Release|Any CPU = Release|Any CPU
	EndGlobalSection
	GlobalSection(ProjectConfigurationPlatforms) = postSolution
		{611728B5-77CB-4EB7-83F0-760B29074B21}.Debug|Any CPU.ActiveCfg = Debug|Any CPU
		{611728B5-77CB-4EB7-83F0-760B29074B21}.Debug|Any CPU.Build.0 = Debug|Any CPU
		{611728B5-77CB-4EB7-83F0-760B29074B21}.Release|Any CPU.ActiveCfg = Release|Any CPU
		{611728B5-77CB-4EB7-83F0-760B29074B21}.Release|Any CPU.Build.0 = Release|Any CPU
		{D1AF576D-1A6E-4254-A437-47E3D61BC896}.Debug|Any CPU.ActiveCfg = Debug|Any CPU
		{D1AF576D-1A6E-4254-A437-47E3D61BC896}.Debug|Any CPU.Build.0 = Debug|Any CPU
		{D1AF576D-1A6E-4254-A437-47E3D61BC896}.Release|Any CPU.ActiveCfg = Release|Any CPU
		{D1AF576D-1A6E-4254-A437-47E3D61BC896}.Release|Any CPU.Build.0 = Release|Any CPU
	EndGlobalSection
	GlobalSection(SolutionProperties) = preSolution
		HideSolutionNode = FALSE
	EndGlobalSection
	GlobalSection(ExtensibilityGlobals) = postSolution
		SolutionGuid = {3ACB60C5-9111-4030-A29C-E3FDB709BE4D}
	EndGlobalSection
EndGlobal
